
Microsoft Visual Studio Solution File, Format Version 12.00
# Visual Studio Version 17
VisualStudioVersion = 17.11.35312.102
MinimumVisualStudioVersion = 10.0.40219.1
Project("{2150E333-8FDC-42A3-9474-1A3956D46DE8}") = "src", "src", "{754D03CE-31C2-4987-9EB2-26638A5D4EC7}"
EndProject
Project("{2150E333-8FDC-42A3-9474-1A3956D46DE8}") = "test", "test", "{F0AD1B97-BB3A-4A93-8A56-EB3BF8D6510E}"
EndProject
Project("{2150E333-8FDC-42A3-9474-1A3956D46DE8}") = "FrontEnd", "FrontEnd", "{D674435B-E1B3-495D-8710-D59B19D226D5}"
EndProject
Project("{9A19103F-16F7-4668-BE54-9A1E7A4F7556}") = "TheatreProject.WebApp", "TheatreProject.WebApp\TheatreProject.WebApp.csproj", "{E00A0256-F92E-4D8D-B7EC-A3982372EB97}"
EndProject
Project("{2150E333-8FDC-42A3-9474-1A3956D46DE8}") = "Services", "Services", "{1EA90917-ED8B-466B-92C3-121D61EB66CB}"
EndProject
Project("{9A19103F-16F7-4668-BE54-9A1E7A4F7556}") = "TheatreProject.PerformanceAPI", "TheatreProject.PerformanceAPI\TheatreProject.PerformanceAPI.csproj", "{28EB04C7-2980-43B3-A3E1-454BA5BDD20C}"
EndProject
Project("{FAE04EC0-301F-11D3-BF4B-00C04F79EFBC}") = "TheatreProject.Identity", "TheatreProject.Identity\TheatreProject.Identity.csproj", "{4B8562C7-292D-4555-BD09-9E3CFA9733F5}"
EndProject
Project("{FAE04EC0-301F-11D3-BF4B-00C04F79EFBC}") = "TheatreProject.ShoppingCartAPI", "TheatreProject.ShoppingCartAPI\TheatreProject.ShoppingCartAPI.csproj", "{F3E8A0CF-E7D6-4A78-9E22-07998A66ABA2}"
EndProject
Project("{FAE04EC0-301F-11D3-BF4B-00C04F79EFBC}") = "TheatreProject.CouponAPI", "TheatreProject.CouponAPI\TheatreProject.CouponAPI.csproj", "{4C7FE3D8-BBC3-4562-AD59-83CD14EE41A8}"
EndProject
Project("{FAE04EC0-301F-11D3-BF4B-00C04F79EFBC}") = "TheatreProject.Identity.Tests", "TheatreProject.Identity.Tests\TheatreProject.Identity.Tests.csproj", "{BDBFFBBC-A1C4-48C9-AFD9-612DE262A29F}"
EndProject
Project("{FAE04EC0-301F-11D3-BF4B-00C04F79EFBC}") = "TheatreProject.PerformanceAPI.Tests", "TheatreProject.PerformanceAPI.Tests\TheatreProject.PerformanceAPI.Tests.csproj", "{48195004-B4A0-4F39-BE0B-6B2DB461C0D0}"
EndProject
Project("{FAE04EC0-301F-11D3-BF4B-00C04F79EFBC}") = "TheatreProject.CouponAPI.Tests", "TheatreProject.CouponAPI.Tests\TheatreProject.CouponAPI.Tests.csproj", "{2EBCA2E6-E71C-4F0B-817F-7365F61A268C}"
EndProject
Global
	GlobalSection(SolutionConfigurationPlatforms) = preSolution
		Debug|Any CPU = Debug|Any CPU
		Release|Any CPU = Release|Any CPU
	EndGlobalSection
	GlobalSection(ProjectConfigurationPlatforms) = postSolution
		{E00A0256-F92E-4D8D-B7EC-A3982372EB97}.Debug|Any CPU.ActiveCfg = Debug|Any CPU
		{E00A0256-F92E-4D8D-B7EC-A3982372EB97}.Debug|Any CPU.Build.0 = Debug|Any CPU
		{E00A0256-F92E-4D8D-B7EC-A3982372EB97}.Release|Any CPU.ActiveCfg = Release|Any CPU
		{E00A0256-F92E-4D8D-B7EC-A3982372EB97}.Release|Any CPU.Build.0 = Release|Any CPU
		{28EB04C7-2980-43B3-A3E1-454BA5BDD20C}.Debug|Any CPU.ActiveCfg = Debug|Any CPU
		{28EB04C7-2980-43B3-A3E1-454BA5BDD20C}.Debug|Any CPU.Build.0 = Debug|Any CPU
		{28EB04C7-2980-43B3-A3E1-454BA5BDD20C}.Release|Any CPU.ActiveCfg = Release|Any CPU
		{28EB04C7-2980-43B3-A3E1-454BA5BDD20C}.Release|Any CPU.Build.0 = Release|Any CPU
		{4B8562C7-292D-4555-BD09-9E3CFA9733F5}.Debug|Any CPU.ActiveCfg = Debug|Any CPU
		{4B8562C7-292D-4555-BD09-9E3CFA9733F5}.Debug|Any CPU.Build.0 = Debug|Any CPU
		{4B8562C7-292D-4555-BD09-9E3CFA9733F5}.Release|Any CPU.ActiveCfg = Release|Any CPU
		{4B8562C7-292D-4555-BD09-9E3CFA9733F5}.Release|Any CPU.Build.0 = Release|Any CPU
		{F3E8A0CF-E7D6-4A78-9E22-07998A66ABA2}.Debug|Any CPU.ActiveCfg = Debug|Any CPU
		{F3E8A0CF-E7D6-4A78-9E22-07998A66ABA2}.Debug|Any CPU.Build.0 = Debug|Any CPU
		{F3E8A0CF-E7D6-4A78-9E22-07998A66ABA2}.Release|Any CPU.ActiveCfg = Release|Any CPU
		{F3E8A0CF-E7D6-4A78-9E22-07998A66ABA2}.Release|Any CPU.Build.0 = Release|Any CPU
		{4C7FE3D8-BBC3-4562-AD59-83CD14EE41A8}.Debug|Any CPU.ActiveCfg = Debug|Any CPU
		{4C7FE3D8-BBC3-4562-AD59-83CD14EE41A8}.Debug|Any CPU.Build.0 = Debug|Any CPU
		{4C7FE3D8-BBC3-4562-AD59-83CD14EE41A8}.Release|Any CPU.ActiveCfg = Release|Any CPU
		{4C7FE3D8-BBC3-4562-AD59-83CD14EE41A8}.Release|Any CPU.Build.0 = Release|Any CPU
		{BDBFFBBC-A1C4-48C9-AFD9-612DE262A29F}.Debug|Any CPU.ActiveCfg = Debug|Any CPU
		{BDBFFBBC-A1C4-48C9-AFD9-612DE262A29F}.Debug|Any CPU.Build.0 = Debug|Any CPU
		{BDBFFBBC-A1C4-48C9-AFD9-612DE262A29F}.Release|Any CPU.ActiveCfg = Release|Any CPU
		{BDBFFBBC-A1C4-48C9-AFD9-612DE262A29F}.Release|Any CPU.Build.0 = Release|Any CPU
		{48195004-B4A0-4F39-BE0B-6B2DB461C0D0}.Debug|Any CPU.ActiveCfg = Debug|Any CPU
		{48195004-B4A0-4F39-BE0B-6B2DB461C0D0}.Debug|Any CPU.Build.0 = Debug|Any CPU
		{48195004-B4A0-4F39-BE0B-6B2DB461C0D0}.Release|Any CPU.ActiveCfg = Release|Any CPU
		{48195004-B4A0-4F39-BE0B-6B2DB461C0D0}.Release|Any CPU.Build.0 = Release|Any CPU
		{2EBCA2E6-E71C-4F0B-817F-7365F61A268C}.Debug|Any CPU.ActiveCfg = Debug|Any CPU
		{2EBCA2E6-E71C-4F0B-817F-7365F61A268C}.Debug|Any CPU.Build.0 = Debug|Any CPU
		{2EBCA2E6-E71C-4F0B-817F-7365F61A268C}.Release|Any CPU.ActiveCfg = Release|Any CPU
		{2EBCA2E6-E71C-4F0B-817F-7365F61A268C}.Release|Any CPU.Build.0 = Release|Any CPU
	EndGlobalSection
	GlobalSection(SolutionProperties) = preSolution
		HideSolutionNode = FALSE
	EndGlobalSection
	GlobalSection(NestedProjects) = preSolution
		{D674435B-E1B3-495D-8710-D59B19D226D5} = {754D03CE-31C2-4987-9EB2-26638A5D4EC7}
		{E00A0256-F92E-4D8D-B7EC-A3982372EB97} = {D674435B-E1B3-495D-8710-D59B19D226D5}
		{1EA90917-ED8B-466B-92C3-121D61EB66CB} = {754D03CE-31C2-4987-9EB2-26638A5D4EC7}
		{28EB04C7-2980-43B3-A3E1-454BA5BDD20C} = {1EA90917-ED8B-466B-92C3-121D61EB66CB}
		{4B8562C7-292D-4555-BD09-9E3CFA9733F5} = {1EA90917-ED8B-466B-92C3-121D61EB66CB}
		{F3E8A0CF-E7D6-4A78-9E22-07998A66ABA2} = {1EA90917-ED8B-466B-92C3-121D61EB66CB}
		{4C7FE3D8-BBC3-4562-AD59-83CD14EE41A8} = {1EA90917-ED8B-466B-92C3-121D61EB66CB}
		{BDBFFBBC-A1C4-48C9-AFD9-612DE262A29F} = {F0AD1B97-BB3A-4A93-8A56-EB3BF8D6510E}
		{48195004-B4A0-4F39-BE0B-6B2DB461C0D0} = {F0AD1B97-BB3A-4A93-8A56-EB3BF8D6510E}
		{2EBCA2E6-E71C-4F0B-817F-7365F61A268C} = {F0AD1B97-BB3A-4A93-8A56-EB3BF8D6510E}
	EndGlobalSection
	GlobalSection(ExtensibilityGlobals) = postSolution
		SolutionGuid = {27B913A9-389E-47EC-BBFF-1E6BEDD1A9F8}
	EndGlobalSection
EndGlobal
